
Microsoft Visual Studio Solution File, Format Version 12.00
# Visual Studio Version 17
VisualStudioVersion = 17.4.33205.214
MinimumVisualStudioVersion = 10.0.40219.1
Project("{8BC9CEB8-8B4A-11D0-8D11-00A0C91BC942}") = "Client", "Client\Client.vcxproj", "{BC643F2A-8903-469E-8BBA-DE685BD99EDE}"
EndProject
Global
	GlobalSection(SolutionConfigurationPlatforms) = preSolution
		Debug|x64 = Debug|x64
		Debug|x86 = Debug|x86
		Release|x64 = Release|x64
		Release|x86 = Release|x86
	EndGlobalSection
	GlobalSection(ProjectConfigurationPlatforms) = postSolution
		{BC643F2A-8903-469E-8BBA-DE685BD99EDE}.Debug|x64.ActiveCfg = Debug|x64
		{BC643F2A-8903-469E-8BBA-DE685BD99EDE}.Debug|x64.Build.0 = Debug|x64
		{BC643F2A-8903-469E-8BBA-DE685BD99EDE}.Debug|x86.ActiveCfg = Debug|Win32
		{BC643F2A-8903-469E-8BBA-DE685BD99EDE}.Debug|x86.Build.0 = Debug|Win32
		{BC643F2A-8903-469E-8BBA-DE685BD99EDE}.Release|x64.ActiveCfg = Release|x64
		{BC643F2A-8903-469E-8BBA-DE685BD99EDE}.Release|x64.Build.0 = Release|x64
		{BC643F2A-8903-469E-8BBA-DE685BD99EDE}.Release|x86.ActiveCfg = Release|Win32
		{BC643F2A-8903-469E-8BBA-DE685BD99EDE}.Release|x86.Build.0 = Release|Win32
	EndGlobalSection
	GlobalSection(SolutionProperties) = preSolution
		HideSolutionNode = FALSE
	EndGlobalSection
	GlobalSection(ExtensibilityGlobals) = postSolution
		SolutionGuid = {144C77CD-2550-4614-86C4-5FFA4CAB8A98}
	EndGlobalSection
EndGlobal
